name: Force Unlock Terraform State

on:
  workflow_dispatch:

jobs:
  unlock:
    runs-on: ubuntu-latest

    steps:
      - name: Configure AWS Credentials
        uses: aws-actions/configure-aws-credentials@v2
        with:
          aws-access-key-id: ${{ secrets.AWS_ACCESS_KEY_ID }}
          aws-secret-access-key: ${{ secrets.AWS_SECRET_ACCESS_KEY }}
          aws-region: ca-central-1

      - name: Force Unlock
        run: |
          aws dynamodb delete-item \
            --table-name terraform-locks \
            --key '{"LockID": {"S": "terraform-jenkins/terraform.tfstate"}}' \
            --region ca-central-1
